{
  "name": "rofiking-to-case",
  "version": "1.0.0",
  "lockfileVersion": 1,
  "requires": true,
  "dependencies": {
    "escape-regexp-component": {
      "version": "1.0.2",
      "resolved": "https://registry.npmjs.org/escape-regexp-component/-/escape-regexp-component-1.0.2.tgz",
      "integrity": "sha1-nGO20LJf8qiMOtvRjFthrMO5+qI="
    },
    "title-case-minors": {
      "version": "1.0.0",
      "resolved": "https://registry.npmjs.org/title-case-minors/-/title-case-minors-1.0.0.tgz",
      "integrity": "sha1-UfFwN8KUdHodHNpCS1AEyG2OsRU="
    },
    "to-camel-case": {
      "version": "1.0.0",
      "resolved": "https://registry.npmjs.org/to-camel-case/-/to-camel-case-1.0.0.tgz",
      "integrity": "sha1-GlYFSy+daWKYzmamCJcyK29CPkY=",
      "requires": {
        "to-space-case": "^1.0.0"
      }
    },
    "to-capital-case": {
      "version": "1.0.0",
      "resolved": "https://registry.npmjs.org/to-capital-case/-/to-capital-case-1.0.0.tgz",
      "integrity": "sha1-pXxQFP1aNyF88FCZ/4pCG7+cm38=",
      "requires": {
        "to-space-case": "^1.0.0"
      }
    },
    "to-case": {
      "version": "2.0.0",
      "resolved": "https://registry.npmjs.org/to-case/-/to-case-2.0.0.tgz",
      "integrity": "sha1-aQHtkM2/rb96FtBol7+0Evo8Dwo=",
      "requires": {
        "to-camel-case": "^1.0.0",
        "to-capital-case": "^1.0.0",
        "to-constant-case": "^1.0.0",
        "to-dot-case": "^1.0.0",
        "to-no-case": "^1.0.0",
        "to-pascal-case": "^1.0.0",
        "to-sentence-case": "^1.0.0",
        "to-slug-case": "^1.0.0",
        "to-snake-case": "^1.0.0",
        "to-space-case": "^1.0.0",
        "to-title-case": "^1.0.0"
      }
    },
    "to-constant-case": {
      "version": "1.0.0",
      "resolved": "https://registry.npmjs.org/to-constant-case/-/to-constant-case-1.0.0.tgz",
      "integrity": "sha1-Y/UnKbAOhRiL5+DjYXieXquqCBs=",
      "requires": {
        "to-snake-case": "^1.0.0"
      }
    },
    "to-dot-case": {
      "version": "1.0.0",
      "resolved": "https://registry.npmjs.org/to-dot-case/-/to-dot-case-1.0.0.tgz",
      "integrity": "sha1-5ojxGjybpRHqwN0PASyVzJMW7Ds=",
      "requires": {
        "to-space-case": "^1.0.0"
      }
    },
    "to-no-case": {
      "version": "1.0.2",
      "resolved": "https://registry.npmjs.org/to-no-case/-/to-no-case-1.0.2.tgz",
      "integrity": "sha1-xyKQcWTvaxeBMsjmmTAhLRtKoWo="
    },
    "to-pascal-case": {
      "version": "1.0.0",
      "resolved": "https://registry.npmjs.org/to-pascal-case/-/to-pascal-case-1.0.0.tgz",
      "integrity": "sha1-C73I30SIhroBU15UMycEjQqhzng=",
      "requires": {
        "to-space-case": "^1.0.0"
      }
    },
    "to-sentence-case": {
      "version": "1.0.0",
      "resolved": "https://registry.npmjs.org/to-sentence-case/-/to-sentence-case-1.0.0.tgz",
      "integrity": "sha1-xIO/NkdzflxzjvcAb+Ng1fmcVy4=",
      "requires": {
        "to-no-case": "^1.0.0"
      }
    },
    "to-slug-case": {
      "version": "1.0.0",
      "resolved": "https://registry.npmjs.org/to-slug-case/-/to-slug-case-1.0.0.tgz",
      "integrity": "sha1-kqzeU0cQVaM8gwcZ6Ot4OHIG2BM=",
      "requires": {
        "to-space-case": "^1.0.0"
      }
    },
    "to-snake-case": {
      "version": "1.0.0",
      "resolved": "https://registry.npmjs.org/to-snake-case/-/to-snake-case-1.0.0.tgz",
      "integrity": "sha1-znRpE4l5RgGah+Yu366upMYIq4w=",
      "requires": {
        "to-space-case": "^1.0.0"
      }
    },
    "to-space-case": {
      "version": "1.0.0",
      "resolved": "https://registry.npmjs.org/to-space-case/-/to-space-case-1.0.0.tgz",
      "integrity": "sha1-sFLar7Gysp3HcM6gFj5ewOvJ/Bc=",
      "requires": {
        "to-no-case": "^1.0.0"
      }
    },
    "to-title-case": {
      "version": "1.0.0",
      "resolved": "https://registry.npmjs.org/to-title-case/-/to-title-case-1.0.0.tgz",
      "integrity": "sha1-rKiPidYGTeUBCKl86g20SCfoAGE=",
      "requires": {
        "escape-regexp-component": "^1.0.2",
        "title-case-minors": "^1.0.0",
        "to-capital-case": "^1.0.0",
        "to-sentence-case": "^1.0.0"
      }
    }
  }
}
